
Microsoft Visual Studio Solution File, Format Version 12.00
# Visual Studio Version 17
VisualStudioVersion = 17.11.35312.102
MinimumVisualStudioVersion = 10.0.40219.1
Project("{FAE04EC0-301F-11D3-BF4B-00C04F79EFBC}") = "PersonRegistry", "Form1\PersonRegistry.csproj", "{1B395A1B-B543-479D-B983-6A529D89C079}"
EndProject
Global
	GlobalSection(SolutionConfigurationPlatforms) = preSolution
		Debug|Any CPU = Debug|Any CPU
		Release|Any CPU = Release|Any CPU
	EndGlobalSection
	GlobalSection(ProjectConfigurationPlatforms) = postSolution
		{1B395A1B-B543-479D-B983-6A529D89C079}.Debug|Any CPU.ActiveCfg = Debug|Any CPU
		{1B395A1B-B543-479D-B983-6A529D89C079}.Debug|Any CPU.Build.0 = Debug|Any CPU
		{1B395A1B-B543-479D-B983-6A529D89C079}.Release|Any CPU.ActiveCfg = Release|Any CPU
		{1B395A1B-B543-479D-B983-6A529D89C079}.Release|Any CPU.Build.0 = Release|Any CPU
	EndGlobalSection
	GlobalSection(SolutionProperties) = preSolution
		HideSolutionNode = FALSE
	EndGlobalSection
	GlobalSection(ExtensibilityGlobals) = postSolution
		SolutionGuid = {136ACF0A-B40A-4010-83BE-2AA400F799DB}
	EndGlobalSection
EndGlobal
